// !$*UTF8*$!
{
	archiveVersion = 1;
	classes = {
	};
	objectVersion = 51;
	objects = {

/* Begin PBXBuildFile section */
		580A283C23D1AD840077DE17 /* Decodable+CustomCoding.swift in Sources */ = {isa = PBXBuildFile; fileRef = 580A282723D1AD840077DE17 /* Decodable+CustomCoding.swift */; };
		580A283D23D1AD840077DE17 /* String+Custom.swift in Sources */ = {isa = PBXBuildFile; fileRef = 580A282823D1AD840077DE17 /* String+Custom.swift */; };
		580A283E23D1AD840077DE17 /* GCD+Custom.swift in Sources */ = {isa = PBXBuildFile; fileRef = 580A282923D1AD840077DE17 /* GCD+Custom.swift */; };
		580A283F23D1AD840077DE17 /* NSObject+Custom.swift in Sources */ = {isa = PBXBuildFile; fileRef = 580A282A23D1AD840077DE17 /* NSObject+Custom.swift */; };
		580A284023D1AD840077DE17 /* Utils.swift in Sources */ = {isa = PBXBuildFile; fileRef = 580A282C23D1AD840077DE17 /* Utils.swift */; };
		580A284223D1AD840077DE17 /* AKTextField.swift in Sources */ = {isa = PBXBuildFile; fileRef = 580A282F23D1AD840077DE17 /* AKTextField.swift */; };
		580A284323D1AD840077DE17 /* UIAlertController+Custom.swift in Sources */ = {isa = PBXBuildFile; fileRef = 580A283123D1AD840077DE17 /* UIAlertController+Custom.swift */; };
		580A284423D1AD840077DE17 /* UICollectionView+Custom.swift in Sources */ = {isa = PBXBuildFile; fileRef = 580A283323D1AD840077DE17 /* UICollectionView+Custom.swift */; };
		580A284523D1AD840077DE17 /* UICollectionViewCell+Custom.swift in Sources */ = {isa = PBXBuildFile; fileRef = 580A283423D1AD840077DE17 /* UICollectionViewCell+Custom.swift */; };
		580A284623D1AD840077DE17 /* UIViewController+Custom.swift in Sources */ = {isa = PBXBuildFile; fileRef = 580A283523D1AD840077DE17 /* UIViewController+Custom.swift */; };
		580A284723D1AD840077DE17 /* UITableViewCell+Custom.swift in Sources */ = {isa = PBXBuildFile; fileRef = 580A283723D1AD840077DE17 /* UITableViewCell+Custom.swift */; };
		580A284823D1AD840077DE17 /* UITableView+Custom.swift in Sources */ = {isa = PBXBuildFile; fileRef = 580A283823D1AD840077DE17 /* UITableView+Custom.swift */; };
		580A284923D1AD840077DE17 /* UIStoryboard+Custom.swift in Sources */ = {isa = PBXBuildFile; fileRef = 580A283923D1AD840077DE17 /* UIStoryboard+Custom.swift */; };
		580A284A23D1AD840077DE17 /* UIImage+Custom.swift in Sources */ = {isa = PBXBuildFile; fileRef = 580A283A23D1AD840077DE17 /* UIImage+Custom.swift */; };
		580A285F23D1AF0F0077DE17 /* AKUtils.framework in Frameworks */ = {isa = PBXBuildFile; fileRef = 911A96211D99B4D40082E87E /* AKUtils.framework */; };
		580A286D23D1AFE20077DE17 /* AppDelegate.swift in Sources */ = {isa = PBXBuildFile; fileRef = 580A286C23D1AFE20077DE17 /* AppDelegate.swift */; };
		580A287323D1AFE30077DE17 /* Assets.xcassets in Resources */ = {isa = PBXBuildFile; fileRef = 580A287223D1AFE30077DE17 /* Assets.xcassets */; };
		580A287623D1AFE30077DE17 /* Preview Assets.xcassets in Resources */ = {isa = PBXBuildFile; fileRef = 580A287523D1AFE30077DE17 /* Preview Assets.xcassets */; };
		580A288023D1B0760077DE17 /* AKTextFieldTests.swift in Sources */ = {isa = PBXBuildFile; fileRef = 580A284F23D1AD8C0077DE17 /* AKTextFieldTests.swift */; };
		580A288323D1CB240077DE17 /* Decodable+CustomCoding_Tests.swift in Sources */ = {isa = PBXBuildFile; fileRef = 580A288223D1CB240077DE17 /* Decodable+CustomCoding_Tests.swift */; };
		580A288523D1D23F0077DE17 /* String+Custom_Tests.swift in Sources */ = {isa = PBXBuildFile; fileRef = 580A288423D1D23F0077DE17 /* String+Custom_Tests.swift */; };
		580A288723D1D90E0077DE17 /* GCD+Custom_Tests.swift in Sources */ = {isa = PBXBuildFile; fileRef = 580A288623D1D90E0077DE17 /* GCD+Custom_Tests.swift */; };
		580A288923D1DAFE0077DE17 /* NSObject+Custom_Tests.swift in Sources */ = {isa = PBXBuildFile; fileRef = 580A288823D1DAFE0077DE17 /* NSObject+Custom_Tests.swift */; };
		580A288D23D1DB910077DE17 /* UICollectionView+Custom_Tests.swift in Sources */ = {isa = PBXBuildFile; fileRef = 580A288C23D1DB910077DE17 /* UICollectionView+Custom_Tests.swift */; };
		580A288F23D1DCF40077DE17 /* UICollectionViewCell+Custom_Tests.swift in Sources */ = {isa = PBXBuildFile; fileRef = 580A288E23D1DCF40077DE17 /* UICollectionViewCell+Custom_Tests.swift */; };
		580A289223D1DD7C0077DE17 /* UITableView+Custom_Tests.swift in Sources */ = {isa = PBXBuildFile; fileRef = 580A289123D1DD7C0077DE17 /* UITableView+Custom_Tests.swift */; };
		580A289423D1DD8A0077DE17 /* UITableViewCell+Custom_Tests.swift in Sources */ = {isa = PBXBuildFile; fileRef = 580A289323D1DD8A0077DE17 /* UITableViewCell+Custom_Tests.swift */; };
		580A289623D1DE640077DE17 /* UIAlertController+Custom_Tests.swift in Sources */ = {isa = PBXBuildFile; fileRef = 580A289523D1DE640077DE17 /* UIAlertController+Custom_Tests.swift */; };
		580A289823D1E17F0077DE17 /* UIViewController+Custom_Tests.swift in Sources */ = {isa = PBXBuildFile; fileRef = 580A289723D1E17F0077DE17 /* UIViewController+Custom_Tests.swift */; };
		580A289C23D1E34F0077DE17 /* Testable.storyboard in Resources */ = {isa = PBXBuildFile; fileRef = 580A289A23D1E32C0077DE17 /* Testable.storyboard */; };
		580A289E23D1E35F0077DE17 /* UIStoryboard+Custom_Tests.swift in Sources */ = {isa = PBXBuildFile; fileRef = 580A289D23D1E35F0077DE17 /* UIStoryboard+Custom_Tests.swift */; };
		580A28A023D1E4B60077DE17 /* UIImage+Custom_Tests.swift in Sources */ = {isa = PBXBuildFile; fileRef = 580A289F23D1E4B60077DE17 /* UIImage+Custom_Tests.swift */; };
		580A28A323D1F69C0077DE17 /* UtilsTests.swift in Sources */ = {isa = PBXBuildFile; fileRef = 580A28A223D1F69C0077DE17 /* UtilsTests.swift */; };
		582EC948240BF47900ADF9B0 /* UIApplication+Custom.swift in Sources */ = {isa = PBXBuildFile; fileRef = 582EC947240BF47900ADF9B0 /* UIApplication+Custom.swift */; };
/* End PBXBuildFile section */

/* Begin PBXContainerItemProxy section */
		580A286023D1AF0F0077DE17 /* PBXContainerItemProxy */ = {
			isa = PBXContainerItemProxy;
			containerPortal = 911A96181D99B4D40082E87E /* Project object */;
			proxyType = 1;
			remoteGlobalIDString = 911A96201D99B4D40082E87E;
			remoteInfo = AKUtils;
		};
		580A287E23D1AFFC0077DE17 /* PBXContainerItemProxy */ = {
			isa = PBXContainerItemProxy;
			containerPortal = 911A96181D99B4D40082E87E /* Project object */;
			proxyType = 1;
			remoteGlobalIDString = 580A286923D1AFE20077DE17;
			remoteInfo = AKUtilsDemo;
		};
/* End PBXContainerItemProxy section */

/* Begin PBXFileReference section */
		580A282723D1AD840077DE17 /* Decodable+CustomCoding.swift */ = {isa = PBXFileReference; fileEncoding = 4; lastKnownFileType = sourcecode.swift; path = "Decodable+CustomCoding.swift"; sourceTree = "<group>"; };
		580A282823D1AD840077DE17 /* String+Custom.swift */ = {isa = PBXFileReference; fileEncoding = 4; lastKnownFileType = sourcecode.swift; path = "String+Custom.swift"; sourceTree = "<group>"; };
		580A282923D1AD840077DE17 /* GCD+Custom.swift */ = {isa = PBXFileReference; fileEncoding = 4; lastKnownFileType = sourcecode.swift; path = "GCD+Custom.swift"; sourceTree = "<group>"; };
		580A282A23D1AD840077DE17 /* NSObject+Custom.swift */ = {isa = PBXFileReference; fileEncoding = 4; lastKnownFileType = sourcecode.swift; path = "NSObject+Custom.swift"; sourceTree = "<group>"; };
		580A282C23D1AD840077DE17 /* Utils.swift */ = {isa = PBXFileReference; fileEncoding = 4; lastKnownFileType = sourcecode.swift; path = Utils.swift; sourceTree = "<group>"; };
		580A282F23D1AD840077DE17 /* AKTextField.swift */ = {isa = PBXFileReference; fileEncoding = 4; lastKnownFileType = sourcecode.swift; path = AKTextField.swift; sourceTree = "<group>"; };
		580A283123D1AD840077DE17 /* UIAlertController+Custom.swift */ = {isa = PBXFileReference; fileEncoding = 4; lastKnownFileType = sourcecode.swift; path = "UIAlertController+Custom.swift"; sourceTree = "<group>"; };
		580A283323D1AD840077DE17 /* UICollectionView+Custom.swift */ = {isa = PBXFileReference; fileEncoding = 4; lastKnownFileType = sourcecode.swift; path = "UICollectionView+Custom.swift"; sourceTree = "<group>"; };
		580A283423D1AD840077DE17 /* UICollectionViewCell+Custom.swift */ = {isa = PBXFileReference; fileEncoding = 4; lastKnownFileType = sourcecode.swift; path = "UICollectionViewCell+Custom.swift"; sourceTree = "<group>"; };
		580A283523D1AD840077DE17 /* UIViewController+Custom.swift */ = {isa = PBXFileReference; fileEncoding = 4; lastKnownFileType = sourcecode.swift; path = "UIViewController+Custom.swift"; sourceTree = "<group>"; };
		580A283723D1AD840077DE17 /* UITableViewCell+Custom.swift */ = {isa = PBXFileReference; fileEncoding = 4; lastKnownFileType = sourcecode.swift; path = "UITableViewCell+Custom.swift"; sourceTree = "<group>"; };
		580A283823D1AD840077DE17 /* UITableView+Custom.swift */ = {isa = PBXFileReference; fileEncoding = 4; lastKnownFileType = sourcecode.swift; path = "UITableView+Custom.swift"; sourceTree = "<group>"; };
		580A283923D1AD840077DE17 /* UIStoryboard+Custom.swift */ = {isa = PBXFileReference; fileEncoding = 4; lastKnownFileType = sourcecode.swift; path = "UIStoryboard+Custom.swift"; sourceTree = "<group>"; };
		580A283A23D1AD840077DE17 /* UIImage+Custom.swift */ = {isa = PBXFileReference; fileEncoding = 4; lastKnownFileType = sourcecode.swift; path = "UIImage+Custom.swift"; sourceTree = "<group>"; };
		580A283B23D1AD840077DE17 /* Info.plist */ = {isa = PBXFileReference; fileEncoding = 4; lastKnownFileType = text.plist.xml; path = Info.plist; sourceTree = "<group>"; };
		580A284F23D1AD8C0077DE17 /* AKTextFieldTests.swift */ = {isa = PBXFileReference; fileEncoding = 4; lastKnownFileType = sourcecode.swift; path = AKTextFieldTests.swift; sourceTree = "<group>"; };
		580A285123D1ADB00077DE17 /* AKUtils.podspec */ = {isa = PBXFileReference; fileEncoding = 4; lastKnownFileType = text; path = AKUtils.podspec; sourceTree = "<group>"; };
		580A285323D1ADB70077DE17 /* Package.swift */ = {isa = PBXFileReference; fileEncoding = 4; lastKnownFileType = sourcecode.swift; path = Package.swift; sourceTree = "<group>"; };
		580A285A23D1AF0F0077DE17 /* AKUtilsTests.xctest */ = {isa = PBXFileReference; explicitFileType = wrapper.cfbundle; includeInIndex = 0; path = AKUtilsTests.xctest; sourceTree = BUILT_PRODUCTS_DIR; };
		580A286A23D1AFE20077DE17 /* AKUtilsDemo.app */ = {isa = PBXFileReference; explicitFileType = wrapper.application; includeInIndex = 0; path = AKUtilsDemo.app; sourceTree = BUILT_PRODUCTS_DIR; };
		580A286C23D1AFE20077DE17 /* AppDelegate.swift */ = {isa = PBXFileReference; lastKnownFileType = sourcecode.swift; path = AppDelegate.swift; sourceTree = "<group>"; };
		580A287223D1AFE30077DE17 /* Assets.xcassets */ = {isa = PBXFileReference; lastKnownFileType = folder.assetcatalog; path = Assets.xcassets; sourceTree = "<group>"; };
		580A287523D1AFE30077DE17 /* Preview Assets.xcassets */ = {isa = PBXFileReference; lastKnownFileType = folder.assetcatalog; path = "Preview Assets.xcassets"; sourceTree = "<group>"; };
		580A287A23D1AFE30077DE17 /* Info.plist */ = {isa = PBXFileReference; lastKnownFileType = text.plist.xml; path = Info.plist; sourceTree = "<group>"; };
		580A288223D1CB240077DE17 /* Decodable+CustomCoding_Tests.swift */ = {isa = PBXFileReference; lastKnownFileType = sourcecode.swift; path = "Decodable+CustomCoding_Tests.swift"; sourceTree = "<group>"; };
		580A288423D1D23F0077DE17 /* String+Custom_Tests.swift */ = {isa = PBXFileReference; lastKnownFileType = sourcecode.swift; path = "String+Custom_Tests.swift"; sourceTree = "<group>"; };
		580A288623D1D90E0077DE17 /* GCD+Custom_Tests.swift */ = {isa = PBXFileReference; lastKnownFileType = sourcecode.swift; path = "GCD+Custom_Tests.swift"; sourceTree = "<group>"; };
		580A288823D1DAFE0077DE17 /* NSObject+Custom_Tests.swift */ = {isa = PBXFileReference; lastKnownFileType = sourcecode.swift; path = "NSObject+Custom_Tests.swift"; sourceTree = "<group>"; };
		580A288C23D1DB910077DE17 /* UICollectionView+Custom_Tests.swift */ = {isa = PBXFileReference; lastKnownFileType = sourcecode.swift; path = "UICollectionView+Custom_Tests.swift"; sourceTree = "<group>"; };
		580A288E23D1DCF40077DE17 /* UICollectionViewCell+Custom_Tests.swift */ = {isa = PBXFileReference; lastKnownFileType = sourcecode.swift; path = "UICollectionViewCell+Custom_Tests.swift"; sourceTree = "<group>"; };
		580A289123D1DD7C0077DE17 /* UITableView+Custom_Tests.swift */ = {isa = PBXFileReference; lastKnownFileType = sourcecode.swift; path = "UITableView+Custom_Tests.swift"; sourceTree = "<group>"; };
		580A289323D1DD8A0077DE17 /* UITableViewCell+Custom_Tests.swift */ = {isa = PBXFileReference; lastKnownFileType = sourcecode.swift; path = "UITableViewCell+Custom_Tests.swift"; sourceTree = "<group>"; };
		580A289523D1DE640077DE17 /* UIAlertController+Custom_Tests.swift */ = {isa = PBXFileReference; lastKnownFileType = sourcecode.swift; path = "UIAlertController+Custom_Tests.swift"; sourceTree = "<group>"; };
		580A289723D1E17F0077DE17 /* UIViewController+Custom_Tests.swift */ = {isa = PBXFileReference; lastKnownFileType = sourcecode.swift; path = "UIViewController+Custom_Tests.swift"; sourceTree = "<group>"; };
		580A289A23D1E32C0077DE17 /* Testable.storyboard */ = {isa = PBXFileReference; lastKnownFileType = file.storyboard; path = Testable.storyboard; sourceTree = "<group>"; };
		580A289D23D1E35F0077DE17 /* UIStoryboard+Custom_Tests.swift */ = {isa = PBXFileReference; lastKnownFileType = sourcecode.swift; path = "UIStoryboard+Custom_Tests.swift"; sourceTree = "<group>"; };
		580A289F23D1E4B60077DE17 /* UIImage+Custom_Tests.swift */ = {isa = PBXFileReference; lastKnownFileType = sourcecode.swift; path = "UIImage+Custom_Tests.swift"; sourceTree = "<group>"; };
		580A28A223D1F69C0077DE17 /* UtilsTests.swift */ = {isa = PBXFileReference; lastKnownFileType = sourcecode.swift; path = UtilsTests.swift; sourceTree = "<group>"; };
		580A28A423D1F8550077DE17 /* README.md */ = {isa = PBXFileReference; lastKnownFileType = net.daringfireball.markdown; path = README.md; sourceTree = "<group>"; };
		582EC947240BF47900ADF9B0 /* UIApplication+Custom.swift */ = {isa = PBXFileReference; lastKnownFileType = sourcecode.swift; path = "UIApplication+Custom.swift"; sourceTree = "<group>"; };
		911A96211D99B4D40082E87E /* AKUtils.framework */ = {isa = PBXFileReference; explicitFileType = wrapper.framework; includeInIndex = 0; path = AKUtils.framework; sourceTree = BUILT_PRODUCTS_DIR; };
/* End PBXFileReference section */

/* Begin PBXFrameworksBuildPhase section */
		580A285723D1AF0F0077DE17 /* Frameworks */ = {
			isa = PBXFrameworksBuildPhase;
			buildActionMask = 2147483647;
			files = (
				580A285F23D1AF0F0077DE17 /* AKUtils.framework in Frameworks */,
			);
			runOnlyForDeploymentPostprocessing = 0;
		};
		580A286723D1AFE20077DE17 /* Frameworks */ = {
			isa = PBXFrameworksBuildPhase;
			buildActionMask = 2147483647;
			files = (
			);
			runOnlyForDeploymentPostprocessing = 0;
		};
		911A961D1D99B4D40082E87E /* Frameworks */ = {
			isa = PBXFrameworksBuildPhase;
			buildActionMask = 2147483647;
			files = (
			);
			runOnlyForDeploymentPostprocessing = 0;
		};
/* End PBXFrameworksBuildPhase section */

/* Begin PBXGroup section */
		580A282423D1AD840077DE17 /* Sources */ = {
			isa = PBXGroup;
			children = (
				580A282523D1AD840077DE17 /* AKUtils */,
			);
			path = Sources;
			sourceTree = "<group>";
		};
		580A282523D1AD840077DE17 /* AKUtils */ = {
			isa = PBXGroup;
			children = (
				580A282E23D1AD840077DE17 /* Controls */,
				580A282623D1AD840077DE17 /* FoundationExtensions */,
				580A283023D1AD840077DE17 /* UIKitExtensions */,
				580A282B23D1AD840077DE17 /* Utils */,
				580A283B23D1AD840077DE17 /* Info.plist */,
			);
			path = AKUtils;
			sourceTree = "<group>";
		};
		580A282623D1AD840077DE17 /* FoundationExtensions */ = {
			isa = PBXGroup;
			children = (
				580A282723D1AD840077DE17 /* Decodable+CustomCoding.swift */,
				580A282823D1AD840077DE17 /* String+Custom.swift */,
				580A282923D1AD840077DE17 /* GCD+Custom.swift */,
				580A282A23D1AD840077DE17 /* NSObject+Custom.swift */,
			);
			path = FoundationExtensions;
			sourceTree = "<group>";
		};
		580A282B23D1AD840077DE17 /* Utils */ = {
			isa = PBXGroup;
			children = (
				580A282C23D1AD840077DE17 /* Utils.swift */,
			);
			path = Utils;
			sourceTree = "<group>";
		};
		580A282E23D1AD840077DE17 /* Controls */ = {
			isa = PBXGroup;
			children = (
				580A282F23D1AD840077DE17 /* AKTextField.swift */,
			);
			path = Controls;
			sourceTree = "<group>";
		};
		580A283023D1AD840077DE17 /* UIKitExtensions */ = {
			isa = PBXGroup;
			children = (
				580A283223D1AD840077DE17 /* UICollectionView */,
				580A283623D1AD840077DE17 /* UITableView */,
				580A283123D1AD840077DE17 /* UIAlertController+Custom.swift */,
				580A283523D1AD840077DE17 /* UIViewController+Custom.swift */,
				580A283923D1AD840077DE17 /* UIStoryboard+Custom.swift */,
				580A283A23D1AD840077DE17 /* UIImage+Custom.swift */,
				582EC947240BF47900ADF9B0 /* UIApplication+Custom.swift */,
			);
			path = UIKitExtensions;
			sourceTree = "<group>";
		};
		580A283223D1AD840077DE17 /* UICollectionView */ = {
			isa = PBXGroup;
			children = (
				580A283323D1AD840077DE17 /* UICollectionView+Custom.swift */,
				580A283423D1AD840077DE17 /* UICollectionViewCell+Custom.swift */,
			);
			path = UICollectionView;
			sourceTree = "<group>";
		};
		580A283623D1AD840077DE17 /* UITableView */ = {
			isa = PBXGroup;
			children = (
				580A283823D1AD840077DE17 /* UITableView+Custom.swift */,
				580A283723D1AD840077DE17 /* UITableViewCell+Custom.swift */,
			);
			path = UITableView;
			sourceTree = "<group>";
		};
		580A284C23D1AD8C0077DE17 /* Tests */ = {
			isa = PBXGroup;
			children = (
				580A284D23D1AD8C0077DE17 /* AKUtilsTests */,
				580A289923D1E30E0077DE17 /* Resources */,
			);
			path = Tests;
			sourceTree = "<group>";
		};
		580A284D23D1AD8C0077DE17 /* AKUtilsTests */ = {
			isa = PBXGroup;
			children = (
				580A284E23D1AD8C0077DE17 /* Controls */,
				580A288123D1CB020077DE17 /* FoundationExtensions */,
				580A288A23D1DB640077DE17 /* UIKitExtensions */,
				580A28A123D1F6910077DE17 /* Utils */,
			);
			path = AKUtilsTests;
			sourceTree = "<group>";
		};
		580A284E23D1AD8C0077DE17 /* Controls */ = {
			isa = PBXGroup;
			children = (
				580A284F23D1AD8C0077DE17 /* AKTextFieldTests.swift */,
			);
			path = Controls;
			sourceTree = "<group>";
		};
		580A286B23D1AFE20077DE17 /* AKUtilsDemo */ = {
			isa = PBXGroup;
			children = (
				580A286C23D1AFE20077DE17 /* AppDelegate.swift */,
				580A287223D1AFE30077DE17 /* Assets.xcassets */,
				580A287A23D1AFE30077DE17 /* Info.plist */,
				580A287423D1AFE30077DE17 /* Preview Content */,
			);
			path = AKUtilsDemo;
			sourceTree = "<group>";
		};
		580A287423D1AFE30077DE17 /* Preview Content */ = {
			isa = PBXGroup;
			children = (
				580A287523D1AFE30077DE17 /* Preview Assets.xcassets */,
			);
			path = "Preview Content";
			sourceTree = "<group>";
		};
		580A288123D1CB020077DE17 /* FoundationExtensions */ = {
			isa = PBXGroup;
			children = (
				580A288223D1CB240077DE17 /* Decodable+CustomCoding_Tests.swift */,
				580A288423D1D23F0077DE17 /* String+Custom_Tests.swift */,
				580A288623D1D90E0077DE17 /* GCD+Custom_Tests.swift */,
				580A288823D1DAFE0077DE17 /* NSObject+Custom_Tests.swift */,
			);
			path = FoundationExtensions;
			sourceTree = "<group>";
		};
		580A288A23D1DB640077DE17 /* UIKitExtensions */ = {
			isa = PBXGroup;
			children = (
				580A288B23D1DB710077DE17 /* UICollectionView */,
				580A289023D1DD640077DE17 /* UITableView */,
				580A289523D1DE640077DE17 /* UIAlertController+Custom_Tests.swift */,
				580A289723D1E17F0077DE17 /* UIViewController+Custom_Tests.swift */,
				580A289D23D1E35F0077DE17 /* UIStoryboard+Custom_Tests.swift */,
				580A289F23D1E4B60077DE17 /* UIImage+Custom_Tests.swift */,
			);
			path = UIKitExtensions;
			sourceTree = "<group>";
		};
		580A288B23D1DB710077DE17 /* UICollectionView */ = {
			isa = PBXGroup;
			children = (
				580A288C23D1DB910077DE17 /* UICollectionView+Custom_Tests.swift */,
				580A288E23D1DCF40077DE17 /* UICollectionViewCell+Custom_Tests.swift */,
			);
			path = UICollectionView;
			sourceTree = "<group>";
		};
		580A289023D1DD640077DE17 /* UITableView */ = {
			isa = PBXGroup;
			children = (
				580A289123D1DD7C0077DE17 /* UITableView+Custom_Tests.swift */,
				580A289323D1DD8A0077DE17 /* UITableViewCell+Custom_Tests.swift */,
			);
			path = UITableView;
			sourceTree = "<group>";
		};
		580A289923D1E30E0077DE17 /* Resources */ = {
			isa = PBXGroup;
			children = (
				580A289A23D1E32C0077DE17 /* Testable.storyboard */,
			);
			path = Resources;
			sourceTree = "<group>";
		};
		580A28A123D1F6910077DE17 /* Utils */ = {
			isa = PBXGroup;
			children = (
				580A28A223D1F69C0077DE17 /* UtilsTests.swift */,
			);
			path = Utils;
			sourceTree = "<group>";
		};
		911A96171D99B4D40082E87E = {
			isa = PBXGroup;
			children = (
				580A285323D1ADB70077DE17 /* Package.swift */,
				580A285123D1ADB00077DE17 /* AKUtils.podspec */,
				580A28A423D1F8550077DE17 /* README.md */,
				580A282423D1AD840077DE17 /* Sources */,
				580A284C23D1AD8C0077DE17 /* Tests */,
				580A286B23D1AFE20077DE17 /* AKUtilsDemo */,
				911A96221D99B4D40082E87E /* Products */,
			);
			sourceTree = "<group>";
		};
		911A96221D99B4D40082E87E /* Products */ = {
			isa = PBXGroup;
			children = (
				911A96211D99B4D40082E87E /* AKUtils.framework */,
				580A285A23D1AF0F0077DE17 /* AKUtilsTests.xctest */,
				580A286A23D1AFE20077DE17 /* AKUtilsDemo.app */,
			);
			name = Products;
			sourceTree = "<group>";
		};
/* End PBXGroup section */

/* Begin PBXHeadersBuildPhase section */
		911A961E1D99B4D40082E87E /* Headers */ = {
			isa = PBXHeadersBuildPhase;
			buildActionMask = 2147483647;
			files = (
			);
			runOnlyForDeploymentPostprocessing = 0;
		};
/* End PBXHeadersBuildPhase section */

/* Begin PBXNativeTarget section */
		580A285923D1AF0F0077DE17 /* AKUtilsTests */ = {
			isa = PBXNativeTarget;
			buildConfigurationList = 580A286223D1AF0F0077DE17 /* Build configuration list for PBXNativeTarget "AKUtilsTests" */;
			buildPhases = (
				580A285623D1AF0F0077DE17 /* Sources */,
				580A285723D1AF0F0077DE17 /* Frameworks */,
				580A285823D1AF0F0077DE17 /* Resources */,
			);
			buildRules = (
			);
			dependencies = (
				580A286123D1AF0F0077DE17 /* PBXTargetDependency */,
				580A287F23D1AFFC0077DE17 /* PBXTargetDependency */,
			);
			name = AKUtilsTests;
			productName = AKUtilsTests;
			productReference = 580A285A23D1AF0F0077DE17 /* AKUtilsTests.xctest */;
			productType = "com.apple.product-type.bundle.unit-test";
		};
		580A286923D1AFE20077DE17 /* AKUtilsDemo */ = {
			isa = PBXNativeTarget;
			buildConfigurationList = 580A287B23D1AFE30077DE17 /* Build configuration list for PBXNativeTarget "AKUtilsDemo" */;
			buildPhases = (
				580A286623D1AFE20077DE17 /* Sources */,
				580A286723D1AFE20077DE17 /* Frameworks */,
				580A286823D1AFE20077DE17 /* Resources */,
			);
			buildRules = (
			);
			dependencies = (
			);
			name = AKUtilsDemo;
			productName = AKUtilsDemo;
			productReference = 580A286A23D1AFE20077DE17 /* AKUtilsDemo.app */;
			productType = "com.apple.product-type.application";
		};
		911A96201D99B4D40082E87E /* AKUtils */ = {
			isa = PBXNativeTarget;
			buildConfigurationList = 911A96351D99B4D40082E87E /* Build configuration list for PBXNativeTarget "AKUtils" */;
			buildPhases = (
				911A961C1D99B4D40082E87E /* Sources */,
				911A961D1D99B4D40082E87E /* Frameworks */,
				911A961E1D99B4D40082E87E /* Headers */,
				911A961F1D99B4D40082E87E /* Resources */,
			);
			buildRules = (
			);
			dependencies = (
			);
			name = AKUtils;
			productName = FFUtils;
			productReference = 911A96211D99B4D40082E87E /* AKUtils.framework */;
			productType = "com.apple.product-type.framework";
		};
/* End PBXNativeTarget section */

/* Begin PBXProject section */
		911A96181D99B4D40082E87E /* Project object */ = {
			isa = PBXProject;
			attributes = {
				LastSwiftUpdateCheck = 1130;
				LastUpgradeCheck = 1020;
				ORGANIZATIONNAME = "Artem Kalmykov";
				TargetAttributes = {
					580A285923D1AF0F0077DE17 = {
						CreatedOnToolsVersion = 11.3;
						TestTargetID = 580A286923D1AFE20077DE17;
					};
					580A286923D1AFE20077DE17 = {
						CreatedOnToolsVersion = 11.3;
					};
					911A96201D99B4D40082E87E = {
						CreatedOnToolsVersion = 8.0;
						LastSwiftMigration = 1020;
						ProvisioningStyle = Automatic;
					};
				};
			};
			buildConfigurationList = 911A961B1D99B4D40082E87E /* Build configuration list for PBXProject "AKUtils" */;
			compatibilityVersion = "Xcode 10.0";
			developmentRegion = en;
			hasScannedForEncodings = 0;
			knownRegions = (
				en,
				Base,
			);
			mainGroup = 911A96171D99B4D40082E87E;
			productRefGroup = 911A96221D99B4D40082E87E /* Products */;
			projectDirPath = "";
			projectRoot = "";
			targets = (
				911A96201D99B4D40082E87E /* AKUtils */,
				580A285923D1AF0F0077DE17 /* AKUtilsTests */,
				580A286923D1AFE20077DE17 /* AKUtilsDemo */,
			);
		};
/* End PBXProject section */

/* Begin PBXResourcesBuildPhase section */
		580A285823D1AF0F0077DE17 /* Resources */ = {
			isa = PBXResourcesBuildPhase;
			buildActionMask = 2147483647;
			files = (
				580A289C23D1E34F0077DE17 /* Testable.storyboard in Resources */,
			);
			runOnlyForDeploymentPostprocessing = 0;
		};
		580A286823D1AFE20077DE17 /* Resources */ = {
			isa = PBXResourcesBuildPhase;
			buildActionMask = 2147483647;
			files = (
				580A287623D1AFE30077DE17 /* Preview Assets.xcassets in Resources */,
				580A287323D1AFE30077DE17 /* Assets.xcassets in Resources */,
			);
			runOnlyForDeploymentPostprocessing = 0;
		};
		911A961F1D99B4D40082E87E /* Resources */ = {
			isa = PBXResourcesBuildPhase;
			buildActionMask = 2147483647;
			files = (
			);
			runOnlyForDeploymentPostprocessing = 0;
		};
/* End PBXResourcesBuildPhase section */

/* Begin PBXSourcesBuildPhase section */
		580A285623D1AF0F0077DE17 /* Sources */ = {
			isa = PBXSourcesBuildPhase;
			buildActionMask = 2147483647;
			files = (
				580A288323D1CB240077DE17 /* Decodable+CustomCoding_Tests.swift in Sources */,
				580A288D23D1DB910077DE17 /* UICollectionView+Custom_Tests.swift in Sources */,
				580A289423D1DD8A0077DE17 /* UITableViewCell+Custom_Tests.swift in Sources */,
				580A289823D1E17F0077DE17 /* UIViewController+Custom_Tests.swift in Sources */,
				580A28A023D1E4B60077DE17 /* UIImage+Custom_Tests.swift in Sources */,
				580A289223D1DD7C0077DE17 /* UITableView+Custom_Tests.swift in Sources */,
				580A289E23D1E35F0077DE17 /* UIStoryboard+Custom_Tests.swift in Sources */,
				580A28A323D1F69C0077DE17 /* UtilsTests.swift in Sources */,
				580A288023D1B0760077DE17 /* AKTextFieldTests.swift in Sources */,
				580A289623D1DE640077DE17 /* UIAlertController+Custom_Tests.swift in Sources */,
				580A288523D1D23F0077DE17 /* String+Custom_Tests.swift in Sources */,
				580A288F23D1DCF40077DE17 /* UICollectionViewCell+Custom_Tests.swift in Sources */,
				580A288723D1D90E0077DE17 /* GCD+Custom_Tests.swift in Sources */,
				580A288923D1DAFE0077DE17 /* NSObject+Custom_Tests.swift in Sources */,
			);
			runOnlyForDeploymentPostprocessing = 0;
		};
		580A286623D1AFE20077DE17 /* Sources */ = {
			isa = PBXSourcesBuildPhase;
			buildActionMask = 2147483647;
			files = (
				580A286D23D1AFE20077DE17 /* AppDelegate.swift in Sources */,
			);
			runOnlyForDeploymentPostprocessing = 0;
		};
		911A961C1D99B4D40082E87E /* Sources */ = {
			isa = PBXSourcesBuildPhase;
			buildActionMask = 2147483647;
			files = (
				580A284A23D1AD840077DE17 /* UIImage+Custom.swift in Sources */,
				580A284023D1AD840077DE17 /* Utils.swift in Sources */,
				580A284723D1AD840077DE17 /* UITableViewCell+Custom.swift in Sources */,
				580A284523D1AD840077DE17 /* UICollectionViewCell+Custom.swift in Sources */,
				582EC948240BF47900ADF9B0 /* UIApplication+Custom.swift in Sources */,
				580A283E23D1AD840077DE17 /* GCD+Custom.swift in Sources */,
				580A283C23D1AD840077DE17 /* Decodable+CustomCoding.swift in Sources */,
				580A284423D1AD840077DE17 /* UICollectionView+Custom.swift in Sources */,
				580A284623D1AD840077DE17 /* UIViewController+Custom.swift in Sources */,
				580A283F23D1AD840077DE17 /* NSObject+Custom.swift in Sources */,
				580A283D23D1AD840077DE17 /* String+Custom.swift in Sources */,
				580A284223D1AD840077DE17 /* AKTextField.swift in Sources */,
				580A284923D1AD840077DE17 /* UIStoryboard+Custom.swift in Sources */,
				580A284823D1AD840077DE17 /* UITableView+Custom.swift in Sources */,
				580A284323D1AD840077DE17 /* UIAlertController+Custom.swift in Sources */,
			);
			runOnlyForDeploymentPostprocessing = 0;
		};
/* End PBXSourcesBuildPhase section */

/* Begin PBXTargetDependency section */
		580A286123D1AF0F0077DE17 /* PBXTargetDependency */ = {
			isa = PBXTargetDependency;
			target = 911A96201D99B4D40082E87E /* AKUtils */;
			targetProxy = 580A286023D1AF0F0077DE17 /* PBXContainerItemProxy */;
		};
		580A287F23D1AFFC0077DE17 /* PBXTargetDependency */ = {
			isa = PBXTargetDependency;
			target = 580A286923D1AFE20077DE17 /* AKUtilsDemo */;
			targetProxy = 580A287E23D1AFFC0077DE17 /* PBXContainerItemProxy */;
		};
/* End PBXTargetDependency section */

/* Begin XCBuildConfiguration section */
		580A286323D1AF0F0077DE17 /* Debug */ = {
			isa = XCBuildConfiguration;
			buildSettings = {
				ALWAYS_EMBED_SWIFT_STANDARD_LIBRARIES = YES;
				BUNDLE_LOADER = "$(TEST_HOST)";
				CLANG_ANALYZER_NUMBER_OBJECT_CONVERSION = YES_AGGRESSIVE;
				CLANG_CXX_LANGUAGE_STANDARD = "gnu++14";
				CLANG_ENABLE_OBJC_WEAK = YES;
				CLANG_WARN_UNGUARDED_AVAILABILITY = YES_AGGRESSIVE;
				CODE_SIGN_STYLE = Automatic;
				DEVELOPMENT_TEAM = J99KK893V2;
				GCC_C_LANGUAGE_STANDARD = gnu11;
				INFOPLIST_FILE = Tests/Info.plist;
				LD_RUNPATH_SEARCH_PATHS = (
					"$(inherited)",
					"@executable_path/Frameworks",
					"@loader_path/Frameworks",
				);
				MTL_ENABLE_DEBUG_INFO = INCLUDE_SOURCE;
				MTL_FAST_MATH = YES;
				PRODUCT_BUNDLE_IDENTIFIER = com.artemkalmykov.ios.AKUtilsTests;
				PRODUCT_NAME = "$(TARGET_NAME)";
				SWIFT_VERSION = 5.0;
				TARGETED_DEVICE_FAMILY = "1,2";
				TEST_HOST = "$(BUILT_PRODUCTS_DIR)/AKUtilsDemo.app/AKUtilsDemo";
			};
			name = Debug;
		};
		580A286423D1AF0F0077DE17 /* Release */ = {
			isa = XCBuildConfiguration;
			buildSettings = {
				ALWAYS_EMBED_SWIFT_STANDARD_LIBRARIES = YES;
				BUNDLE_LOADER = "$(TEST_HOST)";
				CLANG_ANALYZER_NUMBER_OBJECT_CONVERSION = YES_AGGRESSIVE;
				CLANG_CXX_LANGUAGE_STANDARD = "gnu++14";
				CLANG_ENABLE_OBJC_WEAK = YES;
				CLANG_WARN_UNGUARDED_AVAILABILITY = YES_AGGRESSIVE;
				CODE_SIGN_STYLE = Automatic;
				DEVELOPMENT_TEAM = J99KK893V2;
				GCC_C_LANGUAGE_STANDARD = gnu11;
				INFOPLIST_FILE = Tests/Info.plist;
				LD_RUNPATH_SEARCH_PATHS = (
					"$(inherited)",
					"@executable_path/Frameworks",
					"@loader_path/Frameworks",
				);
				MTL_FAST_MATH = YES;
				PRODUCT_BUNDLE_IDENTIFIER = com.artemkalmykov.ios.AKUtilsTests;
				PRODUCT_NAME = "$(TARGET_NAME)";
				SWIFT_VERSION = 5.0;
				TARGETED_DEVICE_FAMILY = "1,2";
				TEST_HOST = "$(BUILT_PRODUCTS_DIR)/AKUtilsDemo.app/AKUtilsDemo";
			};
			name = Release;
		};
		580A287C23D1AFE30077DE17 /* Debug */ = {
			isa = XCBuildConfiguration;
			buildSettings = {
				ASSETCATALOG_COMPILER_APPICON_NAME = AppIcon;
				CLANG_ANALYZER_NUMBER_OBJECT_CONVERSION = YES_AGGRESSIVE;
				CLANG_CXX_LANGUAGE_STANDARD = "gnu++14";
				CLANG_ENABLE_OBJC_WEAK = YES;
				CLANG_WARN_UNGUARDED_AVAILABILITY = YES_AGGRESSIVE;
				CODE_SIGN_STYLE = Automatic;
				DEVELOPMENT_ASSET_PATHS = "\"AKUtilsDemo/Preview Content\"";
				DEVELOPMENT_TEAM = J99KK893V2;
				ENABLE_PREVIEWS = YES;
				GCC_C_LANGUAGE_STANDARD = gnu11;
				INFOPLIST_FILE = AKUtilsDemo/Info.plist;
				LD_RUNPATH_SEARCH_PATHS = (
					"$(inherited)",
					"@executable_path/Frameworks",
				);
				MTL_ENABLE_DEBUG_INFO = INCLUDE_SOURCE;
				MTL_FAST_MATH = YES;
				PRODUCT_BUNDLE_IDENTIFIER = com.artemkalmykov.ios.AKUtilsDemo;
				PRODUCT_NAME = "$(TARGET_NAME)";
				SWIFT_VERSION = 5.0;
				TARGETED_DEVICE_FAMILY = "1,2";
			};
			name = Debug;
		};
		580A287D23D1AFE30077DE17 /* Release */ = {
			isa = XCBuildConfiguration;
			buildSettings = {
				ASSETCATALOG_COMPILER_APPICON_NAME = AppIcon;
				CLANG_ANALYZER_NUMBER_OBJECT_CONVERSION = YES_AGGRESSIVE;
				CLANG_CXX_LANGUAGE_STANDARD = "gnu++14";
				CLANG_ENABLE_OBJC_WEAK = YES;
				CLANG_WARN_UNGUARDED_AVAILABILITY = YES_AGGRESSIVE;
				CODE_SIGN_STYLE = Automatic;
				DEVELOPMENT_ASSET_PATHS = "\"AKUtilsDemo/Preview Content\"";
				DEVELOPMENT_TEAM = J99KK893V2;
				ENABLE_PREVIEWS = YES;
				GCC_C_LANGUAGE_STANDARD = gnu11;
				INFOPLIST_FILE = AKUtilsDemo/Info.plist;
				LD_RUNPATH_SEARCH_PATHS = (
					"$(inherited)",
					"@executable_path/Frameworks",
				);
				MTL_FAST_MATH = YES;
				PRODUCT_BUNDLE_IDENTIFIER = com.artemkalmykov.ios.AKUtilsDemo;
				PRODUCT_NAME = "$(TARGET_NAME)";
				SWIFT_VERSION = 5.0;
				TARGETED_DEVICE_FAMILY = "1,2";
			};
			name = Release;
		};
		911A96331D99B4D40082E87E /* Debug */ = {
			isa = XCBuildConfiguration;
			buildSettings = {
				ALWAYS_SEARCH_USER_PATHS = NO;
				CLANG_ANALYZER_LOCALIZABILITY_NONLOCALIZED = YES;
				CLANG_ANALYZER_NONNULL = YES;
				CLANG_CXX_LANGUAGE_STANDARD = "gnu++0x";
				CLANG_CXX_LIBRARY = "libc++";
				CLANG_ENABLE_MODULES = YES;
				CLANG_ENABLE_OBJC_ARC = YES;
				CLANG_WARN_BLOCK_CAPTURE_AUTORELEASING = YES;
				CLANG_WARN_BOOL_CONVERSION = YES;
				CLANG_WARN_COMMA = YES;
				CLANG_WARN_CONSTANT_CONVERSION = YES;
				CLANG_WARN_DEPRECATED_OBJC_IMPLEMENTATIONS = YES;
				CLANG_WARN_DIRECT_OBJC_ISA_USAGE = YES_ERROR;
				CLANG_WARN_DOCUMENTATION_COMMENTS = YES;
				CLANG_WARN_EMPTY_BODY = YES;
				CLANG_WARN_ENUM_CONVERSION = YES;
				CLANG_WARN_INFINITE_RECURSION = YES;
				CLANG_WARN_INT_CONVERSION = YES;
				CLANG_WARN_NON_LITERAL_NULL_CONVERSION = YES;
				CLANG_WARN_OBJC_IMPLICIT_RETAIN_SELF = YES;
				CLANG_WARN_OBJC_LITERAL_CONVERSION = YES;
				CLANG_WARN_OBJC_ROOT_CLASS = YES_ERROR;
				CLANG_WARN_RANGE_LOOP_ANALYSIS = YES;
				CLANG_WARN_STRICT_PROTOTYPES = YES;
				CLANG_WARN_SUSPICIOUS_MOVE = YES;
				CLANG_WARN_SUSPICIOUS_MOVES = YES;
				CLANG_WARN_UNREACHABLE_CODE = YES;
				CLANG_WARN__DUPLICATE_METHOD_MATCH = YES;
				"CODE_SIGN_IDENTITY[sdk=iphoneos*]" = "iPhone Developer";
				COPY_PHASE_STRIP = NO;
				CURRENT_PROJECT_VERSION = 1;
				DEBUG_INFORMATION_FORMAT = dwarf;
				ENABLE_STRICT_OBJC_MSGSEND = YES;
				ENABLE_TESTABILITY = YES;
				GCC_C_LANGUAGE_STANDARD = gnu99;
				GCC_DYNAMIC_NO_PIC = NO;
				GCC_NO_COMMON_BLOCKS = YES;
				GCC_OPTIMIZATION_LEVEL = 0;
				GCC_PREPROCESSOR_DEFINITIONS = (
					"DEBUG=1",
					"$(inherited)",
				);
				GCC_WARN_64_TO_32_BIT_CONVERSION = YES;
				GCC_WARN_ABOUT_RETURN_TYPE = YES_ERROR;
				GCC_WARN_UNDECLARED_SELECTOR = YES;
				GCC_WARN_UNINITIALIZED_AUTOS = YES_AGGRESSIVE;
				GCC_WARN_UNUSED_FUNCTION = YES;
				GCC_WARN_UNUSED_VARIABLE = YES;
				IPHONEOS_DEPLOYMENT_TARGET = 9.0;
				MTL_ENABLE_DEBUG_INFO = YES;
				ONLY_ACTIVE_ARCH = YES;
				SDKROOT = iphoneos;
				SWIFT_ACTIVE_COMPILATION_CONDITIONS = DEBUG;
				SWIFT_OPTIMIZATION_LEVEL = "-Onone";
				SWIFT_VERSION = 4.2;
				TARGETED_DEVICE_FAMILY = "1,2";
				VERSIONING_SYSTEM = "apple-generic";
				VERSION_INFO_PREFIX = "";
			};
			name = Debug;
		};
		911A96341D99B4D40082E87E /* Release */ = {
			isa = XCBuildConfiguration;
			buildSettings = {
				ALWAYS_SEARCH_USER_PATHS = NO;
				CLANG_ANALYZER_LOCALIZABILITY_NONLOCALIZED = YES;
				CLANG_ANALYZER_NONNULL = YES;
				CLANG_CXX_LANGUAGE_STANDARD = "gnu++0x";
				CLANG_CXX_LIBRARY = "libc++";
				CLANG_ENABLE_MODULES = YES;
				CLANG_ENABLE_OBJC_ARC = YES;
				CLANG_WARN_BLOCK_CAPTURE_AUTORELEASING = YES;
				CLANG_WARN_BOOL_CONVERSION = YES;
				CLANG_WARN_COMMA = YES;
				CLANG_WARN_CONSTANT_CONVERSION = YES;
				CLANG_WARN_DEPRECATED_OBJC_IMPLEMENTATIONS = YES;
				CLANG_WARN_DIRECT_OBJC_ISA_USAGE = YES_ERROR;
				CLANG_WARN_DOCUMENTATION_COMMENTS = YES;
				CLANG_WARN_EMPTY_BODY = YES;
				CLANG_WARN_ENUM_CONVERSION = YES;
				CLANG_WARN_INFINITE_RECURSION = YES;
				CLANG_WARN_INT_CONVERSION = YES;
				CLANG_WARN_NON_LITERAL_NULL_CONVERSION = YES;
				CLANG_WARN_OBJC_IMPLICIT_RETAIN_SELF = YES;
				CLANG_WARN_OBJC_LITERAL_CONVERSION = YES;
				CLANG_WARN_OBJC_ROOT_CLASS = YES_ERROR;
				CLANG_WARN_RANGE_LOOP_ANALYSIS = YES;
				CLANG_WARN_STRICT_PROTOTYPES = YES;
				CLANG_WARN_SUSPICIOUS_MOVE = YES;
				CLANG_WARN_SUSPICIOUS_MOVES = YES;
				CLANG_WARN_UNREACHABLE_CODE = YES;
				CLANG_WARN__DUPLICATE_METHOD_MATCH = YES;
				"CODE_SIGN_IDENTITY[sdk=iphoneos*]" = "iPhone Developer";
				COPY_PHASE_STRIP = NO;
				CURRENT_PROJECT_VERSION = 1;
				DEBUG_INFORMATION_FORMAT = "dwarf-with-dsym";
				ENABLE_NS_ASSERTIONS = NO;
				ENABLE_STRICT_OBJC_MSGSEND = YES;
				GCC_C_LANGUAGE_STANDARD = gnu99;
				GCC_NO_COMMON_BLOCKS = YES;
				GCC_WARN_64_TO_32_BIT_CONVERSION = YES;
				GCC_WARN_ABOUT_RETURN_TYPE = YES_ERROR;
				GCC_WARN_UNDECLARED_SELECTOR = YES;
				GCC_WARN_UNINITIALIZED_AUTOS = YES_AGGRESSIVE;
				GCC_WARN_UNUSED_FUNCTION = YES;
				GCC_WARN_UNUSED_VARIABLE = YES;
				IPHONEOS_DEPLOYMENT_TARGET = 9.0;
				MTL_ENABLE_DEBUG_INFO = NO;
				SDKROOT = iphoneos;
				SWIFT_COMPILATION_MODE = wholemodule;
				SWIFT_OPTIMIZATION_LEVEL = "-O";
				SWIFT_VERSION = 4.2;
				TARGETED_DEVICE_FAMILY = "1,2";
				VALIDATE_PRODUCT = YES;
				VERSIONING_SYSTEM = "apple-generic";
				VERSION_INFO_PREFIX = "";
			};
			name = Release;
		};
		911A96361D99B4D40082E87E /* Debug */ = {
			isa = XCBuildConfiguration;
			buildSettings = {
				CLANG_ENABLE_MODULES = YES;
				CODE_SIGN_IDENTITY = "Apple Development";
				DEFINES_MODULE = YES;
				DEVELOPMENT_TEAM = J99KK893V2;
				DYLIB_COMPATIBILITY_VERSION = 1;
				DYLIB_CURRENT_VERSION = 1;
				DYLIB_INSTALL_NAME_BASE = "@rpath";
				INFOPLIST_FILE = "$(SRCROOT)/Sources/AKUtils/Info.plist";
				INSTALL_PATH = "$(LOCAL_LIBRARY_DIR)/Frameworks";
				LD_RUNPATH_SEARCH_PATHS = (
					"$(inherited)",
					"@executable_path/Frameworks",
					"@loader_path/Frameworks",
				);
				MARKETING_VERSION = 2.1.0;
				PRODUCT_BUNDLE_IDENTIFIER = com.artemkalmykov.ios.utils;
				PRODUCT_NAME = "$(TARGET_NAME)";
				SKIP_INSTALL = YES;
				SUPPORTS_MACCATALYST = YES;
				SWIFT_OPTIMIZATION_LEVEL = "-Onone";
				SWIFT_VERSION = 5.0;
			};
			name = Debug;
		};
		911A96371D99B4D40082E87E /* Release */ = {
			isa = XCBuildConfiguration;
			buildSettings = {
				CLANG_ENABLE_MODULES = YES;
				CODE_SIGN_IDENTITY = "Apple Development";
				DEFINES_MODULE = YES;
				DEVELOPMENT_TEAM = J99KK893V2;
				DYLIB_COMPATIBILITY_VERSION = 1;
				DYLIB_CURRENT_VERSION = 1;
				DYLIB_INSTALL_NAME_BASE = "@rpath";
				INFOPLIST_FILE = "$(SRCROOT)/Sources/AKUtils/Info.plist";
				INSTALL_PATH = "$(LOCAL_LIBRARY_DIR)/Frameworks";
				LD_RUNPATH_SEARCH_PATHS = (
					"$(inherited)",
					"@executable_path/Frameworks",
					"@loader_path/Frameworks",
				);
				MARKETING_VERSION = 2.1.0;
				PRODUCT_BUNDLE_IDENTIFIER = com.artemkalmykov.ios.utils;
				PRODUCT_NAME = "$(TARGET_NAME)";
				SKIP_INSTALL = YES;
				SUPPORTS_MACCATALYST = YES;
				SWIFT_VERSION = 5.0;
			};
			name = Release;
		};
/* End XCBuildConfiguration section */

/* Begin XCConfigurationList section */
		580A286223D1AF0F0077DE17 /* Build configuration list for PBXNativeTarget "AKUtilsTests" */ = {
			isa = XCConfigurationList;
			buildConfigurations = (
				580A286323D1AF0F0077DE17 /* Debug */,
				580A286423D1AF0F0077DE17 /* Release */,
			);
			defaultConfigurationIsVisible = 0;
			defaultConfigurationName = Release;
		};
		580A287B23D1AFE30077DE17 /* Build configuration list for PBXNativeTarget "AKUtilsDemo" */ = {
			isa = XCConfigurationList;
			buildConfigurations = (
				580A287C23D1AFE30077DE17 /* Debug */,
				580A287D23D1AFE30077DE17 /* Release */,
			);
			defaultConfigurationIsVisible = 0;
			defaultConfigurationName = Release;
		};
		911A961B1D99B4D40082E87E /* Build configuration list for PBXProject "AKUtils" */ = {
			isa = XCConfigurationList;
			buildConfigurations = (
				911A96331D99B4D40082E87E /* Debug */,
				911A96341D99B4D40082E87E /* Release */,
			);
			defaultConfigurationIsVisible = 0;
			defaultConfigurationName = Release;
		};
		911A96351D99B4D40082E87E /* Build configuration list for PBXNativeTarget "AKUtils" */ = {
			isa = XCConfigurationList;
			buildConfigurations = (
				911A96361D99B4D40082E87E /* Debug */,
				911A96371D99B4D40082E87E /* Release */,
			);
			defaultConfigurationIsVisible = 0;
			defaultConfigurationName = Release;
		};
/* End XCConfigurationList section */
	};
	rootObject = 911A96181D99B4D40082E87E /* Project object */;
}
